
Microsoft Visual Studio Solution File, Format Version 12.00
# Visual Studio Version 16
VisualStudioVersion = 16.0.29424.173
MinimumVisualStudioVersion = 10.0.40219.1
Project("{FAE04EC0-301F-11D3-BF4B-00C04F79EFBC}") = "Louda_MVC_Test_1", "Louda_MVC_Test_1\Louda_MVC_Test_1.csproj", "{F8AA572D-D67A-457B-BA83-6168FB3C422B}"
EndProject
Global
	GlobalSection(SolutionConfigurationPlatforms) = preSolution
		Debug|Any CPU = Debug|Any CPU
		Release|Any CPU = Release|Any CPU
	EndGlobalSection
	GlobalSection(ProjectConfigurationPlatforms) = postSolution
		{F8AA572D-D67A-457B-BA83-6168FB3C422B}.Debug|Any CPU.ActiveCfg = Debug|Any CPU
		{F8AA572D-D67A-457B-BA83-6168FB3C422B}.Debug|Any CPU.Build.0 = Debug|Any CPU
		{F8AA572D-D67A-457B-BA83-6168FB3C422B}.Release|Any CPU.ActiveCfg = Release|Any CPU
		{F8AA572D-D67A-457B-BA83-6168FB3C422B}.Release|Any CPU.Build.0 = Release|Any CPU
	EndGlobalSection
	GlobalSection(SolutionProperties) = preSolution
		HideSolutionNode = FALSE
	EndGlobalSection
	GlobalSection(ExtensibilityGlobals) = postSolution
		SolutionGuid = {70E2701E-9A55-4BE2-A0AF-DC55E1D68FB8}
	EndGlobalSection
EndGlobal
